
Microsoft Visual Studio Solution File, Format Version 12.00
# Visual Studio Version 17
VisualStudioVersion = 17.3.32922.545
MinimumVisualStudioVersion = 10.0.40219.1
Project("{FAE04EC0-301F-11D3-BF4B-00C04F79EFBC}") = "Setul 1", "Setul 1\Setul 1.csproj", "{2ECE6841-5A87-4BEB-BFAD-DFD9C579D9ED}"
EndProject
Global
	GlobalSection(SolutionConfigurationPlatforms) = preSolution
		Debug|Any CPU = Debug|Any CPU
		Release|Any CPU = Release|Any CPU
	EndGlobalSection
	GlobalSection(ProjectConfigurationPlatforms) = postSolution
		{2ECE6841-5A87-4BEB-BFAD-DFD9C579D9ED}.Debug|Any CPU.ActiveCfg = Debug|Any CPU
		{2ECE6841-5A87-4BEB-BFAD-DFD9C579D9ED}.Debug|Any CPU.Build.0 = Debug|Any CPU
		{2ECE6841-5A87-4BEB-BFAD-DFD9C579D9ED}.Release|Any CPU.ActiveCfg = Release|Any CPU
		{2ECE6841-5A87-4BEB-BFAD-DFD9C579D9ED}.Release|Any CPU.Build.0 = Release|Any CPU
	EndGlobalSection
	GlobalSection(SolutionProperties) = preSolution
		HideSolutionNode = FALSE
	EndGlobalSection
	GlobalSection(ExtensibilityGlobals) = postSolution
		SolutionGuid = {A8C20945-09A0-4AF1-A01D-A58A75377238}
	EndGlobalSection
EndGlobal
